
Microsoft Visual Studio Solution File, Format Version 12.00
# Visual Studio 2012
Project("{FAE04EC0-301F-11D3-BF4B-00C04F79EFBC}") = "JoesCoffeeStore", "JoesCoffeeStore\JoesCoffeeStore.csproj", "{B51CB7BF-FC7C-4460-B53A-E381495F8722}"
EndProject
Global
	GlobalSection(SolutionConfigurationPlatforms) = preSolution
		Debug|Any CPU = Debug|Any CPU
		Release|Any CPU = Release|Any CPU
	EndGlobalSection
	GlobalSection(ProjectConfigurationPlatforms) = postSolution
		{B51CB7BF-FC7C-4460-B53A-E381495F8722}.Debug|Any CPU.ActiveCfg = Debug|Any CPU
		{B51CB7BF-FC7C-4460-B53A-E381495F8722}.Debug|Any CPU.Build.0 = Debug|Any CPU
		{B51CB7BF-FC7C-4460-B53A-E381495F8722}.Release|Any CPU.ActiveCfg = Release|Any CPU
		{B51CB7BF-FC7C-4460-B53A-E381495F8722}.Release|Any CPU.Build.0 = Release|Any CPU
	EndGlobalSection
EndGlobal
